// !$*UTF8*$!
{
	archiveVersion = 1;
	classes = {
	};
	objectVersion = 56;
	objects = {

/* Begin PBXBuildFile section */
		55527D0E2D213AED0060FCC5 /* SecondVC.swift in Sources */ = {isa = PBXBuildFile; fileRef = 55527D0D2D213AED0060FCC5 /* SecondVC.swift */; };
		55527D102D215F690060FCC5 /* SliderVC.swift in Sources */ = {isa = PBXBuildFile; fileRef = 55527D0F2D215F690060FCC5 /* SliderVC.swift */; };
		55E5AD192D21047500D2A61B /* AppDelegate.swift in Sources */ = {isa = PBXBuildFile; fileRef = 55E5AD182D21047500D2A61B /* AppDelegate.swift */; };
		55E5AD1B2D21047500D2A61B /* SceneDelegate.swift in Sources */ = {isa = PBXBuildFile; fileRef = 55E5AD1A2D21047500D2A61B /* SceneDelegate.swift */; };
		55E5AD1D2D21047500D2A61B /* ViewController.swift in Sources */ = {isa = PBXBuildFile; fileRef = 55E5AD1C2D21047500D2A61B /* ViewController.swift */; };
		55E5AD202D21047500D2A61B /* Base in Resources */ = {isa = PBXBuildFile; fileRef = 55E5AD1F2D21047500D2A61B /* Base */; };
		55E5AD232D21047500D2A61B /* TaskApiWithCoreData.xcdatamodeld in Sources */ = {isa = PBXBuildFile; fileRef = 55E5AD212D21047500D2A61B /* TaskApiWithCoreData.xcdatamodeld */; };
		55E5AD252D21047600D2A61B /* Assets.xcassets in Resources */ = {isa = PBXBuildFile; fileRef = 55E5AD242D21047600D2A61B /* Assets.xcassets */; };
		55E5AD282D21047600D2A61B /* Base in Resources */ = {isa = PBXBuildFile; fileRef = 55E5AD272D21047600D2A61B /* Base */; };
		55E5AD322D2105D200D2A61B /* TVCell.xib in Resources */ = {isa = PBXBuildFile; fileRef = 55E5AD312D2105D200D2A61B /* TVCell.xib */; };
		55E5AD332D2105D200D2A61B /* TVCell.swift in Sources */ = {isa = PBXBuildFile; fileRef = 55E5AD302D2105D200D2A61B /* TVCell.swift */; };
		55E5AD362D210AC500D2A61B /* ApiServices.swift in Sources */ = {isa = PBXBuildFile; fileRef = 55E5AD352D210AC500D2A61B /* ApiServices.swift */; };
		55E5AD392D210B9000D2A61B /* Alamofire in Frameworks */ = {isa = PBXBuildFile; productRef = 55E5AD382D210B9000D2A61B /* Alamofire */; };
		55E5AD3B2D210BEF00D2A61B /* JokeModel.swift in Sources */ = {isa = PBXBuildFile; fileRef = 55E5AD3A2D210BEF00D2A61B /* JokeModel.swift */; };
		55E5AD3D2D210F1900D2A61B /* CoreDataService.swift in Sources */ = {isa = PBXBuildFile; fileRef = 55E5AD3C2D210F1900D2A61B /* CoreDataService.swift */; };
/* End PBXBuildFile section */

/* Begin PBXFileReference section */
		55527D0D2D213AED0060FCC5 /* SecondVC.swift */ = {isa = PBXFileReference; lastKnownFileType = sourcecode.swift; path = SecondVC.swift; sourceTree = "<group>"; };
		55527D0F2D215F690060FCC5 /* SliderVC.swift */ = {isa = PBXFileReference; lastKnownFileType = sourcecode.swift; path = SliderVC.swift; sourceTree = "<group>"; };
		55E5AD152D21047500D2A61B /* TaskApiWithCoreData.app */ = {isa = PBXFileReference; explicitFileType = wrapper.application; includeInIndex = 0; path = TaskApiWithCoreData.app; sourceTree = BUILT_PRODUCTS_DIR; };
		55E5AD182D21047500D2A61B /* AppDelegate.swift */ = {isa = PBXFileReference; lastKnownFileType = sourcecode.swift; path = AppDelegate.swift; sourceTree = "<group>"; };
		55E5AD1A2D21047500D2A61B /* SceneDelegate.swift */ = {isa = PBXFileReference; lastKnownFileType = sourcecode.swift; path = SceneDelegate.swift; sourceTree = "<group>"; };
		55E5AD1C2D21047500D2A61B /* ViewController.swift */ = {isa = PBXFileReference; lastKnownFileType = sourcecode.swift; path = ViewController.swift; sourceTree = "<group>"; };
		55E5AD1F2D21047500D2A61B /* Base */ = {isa = PBXFileReference; lastKnownFileType = file.storyboard; name = Base; path = Base.lproj/Main.storyboard; sourceTree = "<group>"; };
		55E5AD222D21047500D2A61B /* TaskApiWithCoreData.xcdatamodel */ = {isa = PBXFileReference; lastKnownFileType = wrapper.xcdatamodel; path = TaskApiWithCoreData.xcdatamodel; sourceTree = "<group>"; };
		55E5AD242D21047600D2A61B /* Assets.xcassets */ = {isa = PBXFileReference; lastKnownFileType = folder.assetcatalog; path = Assets.xcassets; sourceTree = "<group>"; };
		55E5AD272D21047600D2A61B /* Base */ = {isa = PBXFileReference; lastKnownFileType = file.storyboard; name = Base; path = Base.lproj/LaunchScreen.storyboard; sourceTree = "<group>"; };
		55E5AD292D21047600D2A61B /* Info.plist */ = {isa = PBXFileReference; lastKnownFileType = text.plist.xml; path = Info.plist; sourceTree = "<group>"; };
		55E5AD302D2105D200D2A61B /* TVCell.swift */ = {isa = PBXFileReference; lastKnownFileType = sourcecode.swift; path = TVCell.swift; sourceTree = "<group>"; };
		55E5AD312D2105D200D2A61B /* TVCell.xib */ = {isa = PBXFileReference; lastKnownFileType = file.xib; path = TVCell.xib; sourceTree = "<group>"; };
		55E5AD352D210AC500D2A61B /* ApiServices.swift */ = {isa = PBXFileReference; lastKnownFileType = sourcecode.swift; path = ApiServices.swift; sourceTree = "<group>"; };
		55E5AD3A2D210BEF00D2A61B /* JokeModel.swift */ = {isa = PBXFileReference; lastKnownFileType = sourcecode.swift; path = JokeModel.swift; sourceTree = "<group>"; };
		55E5AD3C2D210F1900D2A61B /* CoreDataService.swift */ = {isa = PBXFileReference; lastKnownFileType = sourcecode.swift; path = CoreDataService.swift; sourceTree = "<group>"; };
/* End PBXFileReference section */

/* Begin PBXFrameworksBuildPhase section */
		55E5AD122D21047500D2A61B /* Frameworks */ = {
			isa = PBXFrameworksBuildPhase;
			buildActionMask = 2147483647;
			files = (
				55E5AD392D210B9000D2A61B /* Alamofire in Frameworks */,
			);
			runOnlyForDeploymentPostprocessing = 0;
		};
/* End PBXFrameworksBuildPhase section */

/* Begin PBXGroup section */
		55E5AD0C2D21047500D2A61B = {
			isa = PBXGroup;
			children = (
				55E5AD172D21047500D2A61B /* TaskApiWithCoreData */,
				55E5AD162D21047500D2A61B /* Products */,
			);
			sourceTree = "<group>";
		};
		55E5AD162D21047500D2A61B /* Products */ = {
			isa = PBXGroup;
			children = (
				55E5AD152D21047500D2A61B /* TaskApiWithCoreData.app */,
			);
			name = Products;
			sourceTree = "<group>";
		};
		55E5AD172D21047500D2A61B /* TaskApiWithCoreData */ = {
			isa = PBXGroup;
			children = (
				55E5AD342D210AB600D2A61B /* Services */,
				55E5AD2F2D2105BB00D2A61B /* Cell */,
				55E5AD182D21047500D2A61B /* AppDelegate.swift */,
				55E5AD1A2D21047500D2A61B /* SceneDelegate.swift */,
				55E5AD1C2D21047500D2A61B /* ViewController.swift */,
				55E5AD1E2D21047500D2A61B /* Main.storyboard */,
				55E5AD242D21047600D2A61B /* Assets.xcassets */,
				55E5AD262D21047600D2A61B /* LaunchScreen.storyboard */,
				55E5AD292D21047600D2A61B /* Info.plist */,
				55E5AD212D21047500D2A61B /* TaskApiWithCoreData.xcdatamodeld */,
				55E5AD3A2D210BEF00D2A61B /* JokeModel.swift */,
				55527D0D2D213AED0060FCC5 /* SecondVC.swift */,
				55527D0F2D215F690060FCC5 /* SliderVC.swift */,
			);
			path = TaskApiWithCoreData;
			sourceTree = "<group>";
		};
		55E5AD2F2D2105BB00D2A61B /* Cell */ = {
			isa = PBXGroup;
			children = (
				55E5AD302D2105D200D2A61B /* TVCell.swift */,
				55E5AD312D2105D200D2A61B /* TVCell.xib */,
			);
			path = Cell;
			sourceTree = "<group>";
		};
		55E5AD342D210AB600D2A61B /* Services */ = {
			isa = PBXGroup;
			children = (
				55E5AD352D210AC500D2A61B /* ApiServices.swift */,
				55E5AD3C2D210F1900D2A61B /* CoreDataService.swift */,
			);
			path = Services;
			sourceTree = "<group>";
		};
/* End PBXGroup section */

/* Begin PBXNativeTarget section */
		55E5AD142D21047500D2A61B /* TaskApiWithCoreData */ = {
			isa = PBXNativeTarget;
			buildConfigurationList = 55E5AD2C2D21047600D2A61B /* Build configuration list for PBXNativeTarget "TaskApiWithCoreData" */;
			buildPhases = (
				55E5AD112D21047500D2A61B /* Sources */,
				55E5AD122D21047500D2A61B /* Frameworks */,
				55E5AD132D21047500D2A61B /* Resources */,
			);
			buildRules = (
			);
			dependencies = (
			);
			name = TaskApiWithCoreData;
			packageProductDependencies = (
				55E5AD382D210B9000D2A61B /* Alamofire */,
			);
			productName = TaskApiWithCoreData;
			productReference = 55E5AD152D21047500D2A61B /* TaskApiWithCoreData.app */;
			productType = "com.apple.product-type.application";
		};
/* End PBXNativeTarget section */

/* Begin PBXProject section */
		55E5AD0D2D21047500D2A61B /* Project object */ = {
			isa = PBXProject;
			attributes = {
				BuildIndependentTargetsInParallel = 1;
				LastSwiftUpdateCheck = 1540;
				LastUpgradeCheck = 1540;
				TargetAttributes = {
					55E5AD142D21047500D2A61B = {
						CreatedOnToolsVersion = 15.4;
					};
				};
			};
			buildConfigurationList = 55E5AD102D21047500D2A61B /* Build configuration list for PBXProject "TaskApiWithCoreData" */;
			compatibilityVersion = "Xcode 14.0";
			developmentRegion = en;
			hasScannedForEncodings = 0;
			knownRegions = (
				en,
				Base,
			);
			mainGroup = 55E5AD0C2D21047500D2A61B;
			packageReferences = (
				55E5AD372D210B9000D2A61B /* XCRemoteSwiftPackageReference "Alamofire" */,
			);
			productRefGroup = 55E5AD162D21047500D2A61B /* Products */;
			projectDirPath = "";
			projectRoot = "";
			targets = (
				55E5AD142D21047500D2A61B /* TaskApiWithCoreData */,
			);
		};
/* End PBXProject section */

/* Begin PBXResourcesBuildPhase section */
		55E5AD132D21047500D2A61B /* Resources */ = {
			isa = PBXResourcesBuildPhase;
			buildActionMask = 2147483647;
			files = (
				55E5AD252D21047600D2A61B /* Assets.xcassets in Resources */,
				55E5AD322D2105D200D2A61B /* TVCell.xib in Resources */,
				55E5AD282D21047600D2A61B /* Base in Resources */,
				55E5AD202D21047500D2A61B /* Base in Resources */,
			);
			runOnlyForDeploymentPostprocessing = 0;
		};
/* End PBXResourcesBuildPhase section */

/* Begin PBXSourcesBuildPhase section */
		55E5AD112D21047500D2A61B /* Sources */ = {
			isa = PBXSourcesBuildPhase;
			buildActionMask = 2147483647;
			files = (
				55E5AD3B2D210BEF00D2A61B /* JokeModel.swift in Sources */,
				55E5AD362D210AC500D2A61B /* ApiServices.swift in Sources */,
				55E5AD232D21047500D2A61B /* TaskApiWithCoreData.xcdatamodeld in Sources */,
				55527D102D215F690060FCC5 /* SliderVC.swift in Sources */,
				55E5AD1D2D21047500D2A61B /* ViewController.swift in Sources */,
				55527D0E2D213AED0060FCC5 /* SecondVC.swift in Sources */,
				55E5AD3D2D210F1900D2A61B /* CoreDataService.swift in Sources */,
				55E5AD192D21047500D2A61B /* AppDelegate.swift in Sources */,
				55E5AD332D2105D200D2A61B /* TVCell.swift in Sources */,
				55E5AD1B2D21047500D2A61B /* SceneDelegate.swift in Sources */,
			);
			runOnlyForDeploymentPostprocessing = 0;
		};
/* End PBXSourcesBuildPhase section */

/* Begin PBXVariantGroup section */
		55E5AD1E2D21047500D2A61B /* Main.storyboard */ = {
			isa = PBXVariantGroup;
			children = (
				55E5AD1F2D21047500D2A61B /* Base */,
			);
			name = Main.storyboard;
			sourceTree = "<group>";
		};
		55E5AD262D21047600D2A61B /* LaunchScreen.storyboard */ = {
			isa = PBXVariantGroup;
			children = (
				55E5AD272D21047600D2A61B /* Base */,
			);
			name = LaunchScreen.storyboard;
			sourceTree = "<group>";
		};
/* End PBXVariantGroup section */

/* Begin XCBuildConfiguration section */
		55E5AD2A2D21047600D2A61B /* Debug */ = {
			isa = XCBuildConfiguration;
			buildSettings = {
				ALWAYS_SEARCH_USER_PATHS = NO;
				ASSETCATALOG_COMPILER_GENERATE_SWIFT_ASSET_SYMBOL_EXTENSIONS = YES;
				CLANG_ANALYZER_NONNULL = YES;
				CLANG_ANALYZER_NUMBER_OBJECT_CONVERSION = YES_AGGRESSIVE;
				CLANG_CXX_LANGUAGE_STANDARD = "gnu++20";
				CLANG_ENABLE_MODULES = YES;
				CLANG_ENABLE_OBJC_ARC = YES;
				CLANG_ENABLE_OBJC_WEAK = YES;
				CLANG_WARN_BLOCK_CAPTURE_AUTORELEASING = YES;
				CLANG_WARN_BOOL_CONVERSION = YES;
				CLANG_WARN_COMMA = YES;
				CLANG_WARN_CONSTANT_CONVERSION = YES;
				CLANG_WARN_DEPRECATED_OBJC_IMPLEMENTATIONS = YES;
				CLANG_WARN_DIRECT_OBJC_ISA_USAGE = YES_ERROR;
				CLANG_WARN_DOCUMENTATION_COMMENTS = YES;
				CLANG_WARN_EMPTY_BODY = YES;
				CLANG_WARN_ENUM_CONVERSION = YES;
				CLANG_WARN_INFINITE_RECURSION = YES;
				CLANG_WARN_INT_CONVERSION = YES;
				CLANG_WARN_NON_LITERAL_NULL_CONVERSION = YES;
				CLANG_WARN_OBJC_IMPLICIT_RETAIN_SELF = YES;
				CLANG_WARN_OBJC_LITERAL_CONVERSION = YES;
				CLANG_WARN_OBJC_ROOT_CLASS = YES_ERROR;
				CLANG_WARN_QUOTED_INCLUDE_IN_FRAMEWORK_HEADER = YES;
				CLANG_WARN_RANGE_LOOP_ANALYSIS = YES;
				CLANG_WARN_STRICT_PROTOTYPES = YES;
				CLANG_WARN_SUSPICIOUS_MOVE = YES;
				CLANG_WARN_UNGUARDED_AVAILABILITY = YES_AGGRESSIVE;
				CLANG_WARN_UNREACHABLE_CODE = YES;
				CLANG_WARN__DUPLICATE_METHOD_MATCH = YES;
				COPY_PHASE_STRIP = NO;
				DEBUG_INFORMATION_FORMAT = dwarf;
				ENABLE_STRICT_OBJC_MSGSEND = YES;
				ENABLE_TESTABILITY = YES;
				ENABLE_USER_SCRIPT_SANDBOXING = YES;
				GCC_C_LANGUAGE_STANDARD = gnu17;
				GCC_DYNAMIC_NO_PIC = NO;
				GCC_NO_COMMON_BLOCKS = YES;
				GCC_OPTIMIZATION_LEVEL = 0;
				GCC_PREPROCESSOR_DEFINITIONS = (
					"DEBUG=1",
					"$(inherited)",
				);
				GCC_WARN_64_TO_32_BIT_CONVERSION = YES;
				GCC_WARN_ABOUT_RETURN_TYPE = YES_ERROR;
				GCC_WARN_UNDECLARED_SELECTOR = YES;
				GCC_WARN_UNINITIALIZED_AUTOS = YES_AGGRESSIVE;
				GCC_WARN_UNUSED_FUNCTION = YES;
				GCC_WARN_UNUSED_VARIABLE = YES;
				IPHONEOS_DEPLOYMENT_TARGET = 17.5;
				LOCALIZATION_PREFERS_STRING_CATALOGS = YES;
				MTL_ENABLE_DEBUG_INFO = INCLUDE_SOURCE;
				MTL_FAST_MATH = YES;
				ONLY_ACTIVE_ARCH = YES;
				SDKROOT = iphoneos;
				SWIFT_ACTIVE_COMPILATION_CONDITIONS = "DEBUG $(inherited)";
				SWIFT_OPTIMIZATION_LEVEL = "-Onone";
			};
			name = Debug;
		};
		55E5AD2B2D21047600D2A61B /* Release */ = {
			isa = XCBuildConfiguration;
			buildSettings = {
				ALWAYS_SEARCH_USER_PATHS = NO;
				ASSETCATALOG_COMPILER_GENERATE_SWIFT_ASSET_SYMBOL_EXTENSIONS = YES;
				CLANG_ANALYZER_NONNULL = YES;
				CLANG_ANALYZER_NUMBER_OBJECT_CONVERSION = YES_AGGRESSIVE;
				CLANG_CXX_LANGUAGE_STANDARD = "gnu++20";
				CLANG_ENABLE_MODULES = YES;
				CLANG_ENABLE_OBJC_ARC = YES;
				CLANG_ENABLE_OBJC_WEAK = YES;
				CLANG_WARN_BLOCK_CAPTURE_AUTORELEASING = YES;
				CLANG_WARN_BOOL_CONVERSION = YES;
				CLANG_WARN_COMMA = YES;
				CLANG_WARN_CONSTANT_CONVERSION = YES;
				CLANG_WARN_DEPRECATED_OBJC_IMPLEMENTATIONS = YES;
				CLANG_WARN_DIRECT_OBJC_ISA_USAGE = YES_ERROR;
				CLANG_WARN_DOCUMENTATION_COMMENTS = YES;
				CLANG_WARN_EMPTY_BODY = YES;
				CLANG_WARN_ENUM_CONVERSION = YES;
				CLANG_WARN_INFINITE_RECURSION = YES;
				CLANG_WARN_INT_CONVERSION = YES;
				CLANG_WARN_NON_LITERAL_NULL_CONVERSION = YES;
				CLANG_WARN_OBJC_IMPLICIT_RETAIN_SELF = YES;
				CLANG_WARN_OBJC_LITERAL_CONVERSION = YES;
				CLANG_WARN_OBJC_ROOT_CLASS = YES_ERROR;
				CLANG_WARN_QUOTED_INCLUDE_IN_FRAMEWORK_HEADER = YES;
				CLANG_WARN_RANGE_LOOP_ANALYSIS = YES;
				CLANG_WARN_STRICT_PROTOTYPES = YES;
				CLANG_WARN_SUSPICIOUS_MOVE = YES;
				CLANG_WARN_UNGUARDED_AVAILABILITY = YES_AGGRESSIVE;
				CLANG_WARN_UNREACHABLE_CODE = YES;
				CLANG_WARN__DUPLICATE_METHOD_MATCH = YES;
				COPY_PHASE_STRIP = NO;
				DEBUG_INFORMATION_FORMAT = "dwarf-with-dsym";
				ENABLE_NS_ASSERTIONS = NO;
				ENABLE_STRICT_OBJC_MSGSEND = YES;
				ENABLE_USER_SCRIPT_SANDBOXING = YES;
				GCC_C_LANGUAGE_STANDARD = gnu17;
				GCC_NO_COMMON_BLOCKS = YES;
				GCC_WARN_64_TO_32_BIT_CONVERSION = YES;
				GCC_WARN_ABOUT_RETURN_TYPE = YES_ERROR;
				GCC_WARN_UNDECLARED_SELECTOR = YES;
				GCC_WARN_UNINITIALIZED_AUTOS = YES_AGGRESSIVE;
				GCC_WARN_UNUSED_FUNCTION = YES;
				GCC_WARN_UNUSED_VARIABLE = YES;
				IPHONEOS_DEPLOYMENT_TARGET = 17.5;
				LOCALIZATION_PREFERS_STRING_CATALOGS = YES;
				MTL_ENABLE_DEBUG_INFO = NO;
				MTL_FAST_MATH = YES;
				SDKROOT = iphoneos;
				SWIFT_COMPILATION_MODE = wholemodule;
				VALIDATE_PRODUCT = YES;
			};
			name = Release;
		};
		55E5AD2D2D21047600D2A61B /* Debug */ = {
			isa = XCBuildConfiguration;
			buildSettings = {
				ASSETCATALOG_COMPILER_APPICON_NAME = AppIcon;
				ASSETCATALOG_COMPILER_GLOBAL_ACCENT_COLOR_NAME = AccentColor;
				CODE_SIGN_STYLE = Automatic;
				CURRENT_PROJECT_VERSION = 1;
				GENERATE_INFOPLIST_FILE = YES;
				INFOPLIST_FILE = TaskApiWithCoreData/Info.plist;
				INFOPLIST_KEY_UIApplicationSupportsIndirectInputEvents = YES;
				INFOPLIST_KEY_UILaunchStoryboardName = LaunchScreen;
				INFOPLIST_KEY_UIMainStoryboardFile = Main;
				INFOPLIST_KEY_UISupportedInterfaceOrientations_iPad = "UIInterfaceOrientationPortrait UIInterfaceOrientationPortraitUpsideDown UIInterfaceOrientationLandscapeLeft UIInterfaceOrientationLandscapeRight";
				INFOPLIST_KEY_UISupportedInterfaceOrientations_iPhone = "UIInterfaceOrientationPortrait UIInterfaceOrientationLandscapeLeft UIInterfaceOrientationLandscapeRight";
				LD_RUNPATH_SEARCH_PATHS = (
					"$(inherited)",
					"@executable_path/Frameworks",
				);
				MARKETING_VERSION = 1.0;
				PRODUCT_BUNDLE_IDENTIFIER = com.sem3.TaskApiWithCoreData;
				PRODUCT_NAME = "$(TARGET_NAME)";
				SWIFT_EMIT_LOC_STRINGS = YES;
				SWIFT_VERSION = 5.0;
				TARGETED_DEVICE_FAMILY = "1,2";
			};
			name = Debug;
		};
		55E5AD2E2D21047600D2A61B /* Release */ = {
			isa = XCBuildConfiguration;
			buildSettings = {
				ASSETCATALOG_COMPILER_APPICON_NAME = AppIcon;
				ASSETCATALOG_COMPILER_GLOBAL_ACCENT_COLOR_NAME = AccentColor;
				CODE_SIGN_STYLE = Automatic;
				CURRENT_PROJECT_VERSION = 1;
				GENERATE_INFOPLIST_FILE = YES;
				INFOPLIST_FILE = TaskApiWithCoreData/Info.plist;
				INFOPLIST_KEY_UIApplicationSupportsIndirectInputEvents = YES;
				INFOPLIST_KEY_UILaunchStoryboardName = LaunchScreen;
				INFOPLIST_KEY_UIMainStoryboardFile = Main;
				INFOPLIST_KEY_UISupportedInterfaceOrientations_iPad = "UIInterfaceOrientationPortrait UIInterfaceOrientationPortraitUpsideDown UIInterfaceOrientationLandscapeLeft UIInterfaceOrientationLandscapeRight";
				INFOPLIST_KEY_UISupportedInterfaceOrientations_iPhone = "UIInterfaceOrientationPortrait UIInterfaceOrientationLandscapeLeft UIInterfaceOrientationLandscapeRight";
				LD_RUNPATH_SEARCH_PATHS = (
					"$(inherited)",
					"@executable_path/Frameworks",
				);
				MARKETING_VERSION = 1.0;
				PRODUCT_BUNDLE_IDENTIFIER = com.sem3.TaskApiWithCoreData;
				PRODUCT_NAME = "$(TARGET_NAME)";
				SWIFT_EMIT_LOC_STRINGS = YES;
				SWIFT_VERSION = 5.0;
				TARGETED_DEVICE_FAMILY = "1,2";
			};
			name = Release;
		};
/* End XCBuildConfiguration section */

/* Begin XCConfigurationList section */
		55E5AD102D21047500D2A61B /* Build configuration list for PBXProject "TaskApiWithCoreData" */ = {
			isa = XCConfigurationList;
			buildConfigurations = (
				55E5AD2A2D21047600D2A61B /* Debug */,
				55E5AD2B2D21047600D2A61B /* Release */,
			);
			defaultConfigurationIsVisible = 0;
			defaultConfigurationName = Release;
		};
		55E5AD2C2D21047600D2A61B /* Build configuration list for PBXNativeTarget "TaskApiWithCoreData" */ = {
			isa = XCConfigurationList;
			buildConfigurations = (
				55E5AD2D2D21047600D2A61B /* Debug */,
				55E5AD2E2D21047600D2A61B /* Release */,
			);
			defaultConfigurationIsVisible = 0;
			defaultConfigurationName = Release;
		};
/* End XCConfigurationList section */

/* Begin XCRemoteSwiftPackageReference section */
		55E5AD372D210B9000D2A61B /* XCRemoteSwiftPackageReference "Alamofire" */ = {
			isa = XCRemoteSwiftPackageReference;
			repositoryURL = "https://github.com/Alamofire/Alamofire.git";
			requirement = {
				kind = exactVersion;
				version = 5.8.0;
			};
		};
/* End XCRemoteSwiftPackageReference section */

/* Begin XCSwiftPackageProductDependency section */
		55E5AD382D210B9000D2A61B /* Alamofire */ = {
			isa = XCSwiftPackageProductDependency;
			package = 55E5AD372D210B9000D2A61B /* XCRemoteSwiftPackageReference "Alamofire" */;
			productName = Alamofire;
		};
/* End XCSwiftPackageProductDependency section */

/* Begin XCVersionGroup section */
		55E5AD212D21047500D2A61B /* TaskApiWithCoreData.xcdatamodeld */ = {
			isa = XCVersionGroup;
			children = (
				55E5AD222D21047500D2A61B /* TaskApiWithCoreData.xcdatamodel */,
			);
			currentVersion = 55E5AD222D21047500D2A61B /* TaskApiWithCoreData.xcdatamodel */;
			path = TaskApiWithCoreData.xcdatamodeld;
			sourceTree = "<group>";
			versionGroupType = wrapper.xcdatamodel;
		};
/* End XCVersionGroup section */
	};
	rootObject = 55E5AD0D2D21047500D2A61B /* Project object */;
}
